# THIS IS AN AUTOGENERATED FILE. DO NOT EDIT THIS FILE DIRECTLY.
# yarn lockfile v1


"5@^0.0.1":
  version "0.0.1"
  resolved "https://registry.yarnpkg.com/5/-/5-0.0.1.tgz#8a4a56ba3cf511ae117a9d0f95cfcef8e100a31c"
  integrity sha512-MSAD9VKb1ac1HonDQmlHiew99tq9Boj/y3NsK1sqixk+C7JKS3i4DAnVUvYMhO6RpGMAo2QHoI3cxL1mlKH8qw==

bootstrap@5.3.5:
  version "5.3.5"
  resolved "https://registry.yarnpkg.com/bootstrap/-/bootstrap-5.3.5.tgz#be42cfe0d580e97ee1abb7d38ce94f5c393c9bb6"
  integrity sha512-ct1CHKtiobRimyGzmsSldEtM03E8fcEX4Tb3dGXz1V8faRwM50+vfHwTzOxB3IlKO7m+9vTH3s/3C6T2EAPeTA==
